# This file is automatically @generated by Poetry 1.7.1 and should not be changed by hand.

[[package]]
name = "abc-ann-py"
version = "0.1.0"
description = ""
optional = false
python-versions = "^3.7"
files = []
develop = false

[package.source]
type = "directory"
url = "../abstract-base-classes"

[metadata]
lock-version = "2.0"
python-versions = "^3.11.0"
content-hash = "28433585f2ba04f448f978cc2725c173f089d12ffe0961213ee3601c9a01604d"
